{
  "name": "math",
  "version": "0.1.0",
  "lockfileVersion": 1,
  "requires": true,
  "dependencies": {
    "@juggle/resize-observer": {
      "version": "3.4.0",
      "resolved": "https://registry.npmjs.org/@juggle/resize-observer/-/resize-observer-3.4.0.tgz",
      "integrity": "sha512-dfLbk+PwWvFzSxwk3n5ySL0hfBog779o8h68wK/7/APo/7cgyWp5jcXockbxdk5kFRkbeXWm4Fbi9FrdN381sA=="
    },
    "@react-hook/latest": {
      "version": "1.0.3",
      "resolved": "https://registry.npmjs.org/@react-hook/latest/-/latest-1.0.3.tgz",
      "integrity": "sha512-dy6duzl+JnAZcDbNTfmaP3xHiKtbXYOaz3G51MGVljh548Y8MWzTr+PHLOfvpypEVW9zwvl+VyKjbWKEVbV1Rg=="
    },
    "@react-hook/passive-layout-effect": {
      "version": "1.2.1",
      "resolved": "https://registry.npmjs.org/@react-hook/passive-layout-effect/-/passive-layout-effect-1.2.1.tgz",
      "integrity": "sha512-IwEphTD75liO8g+6taS+4oqz+nnroocNfWVHWz7j+N+ZO2vYrc6PV1q7GQhuahL0IOR7JccFTsFKQ/mb6iZWAg=="
    },
    "@react-hook/resize-observer": {
      "version": "1.2.6",
      "resolved": "https://registry.npmjs.org/@react-hook/resize-observer/-/resize-observer-1.2.6.tgz",
      "integrity": "sha512-DlBXtLSW0DqYYTW3Ft1/GQFZlTdKY5VAFIC4+km6IK5NiPPDFchGbEJm1j6pSgMqPRHbUQgHJX7RaR76ic1LWA==",
      "requires": {
        "@juggle/resize-observer": "^3.3.1",
        "@react-hook/latest": "^1.0.2",
        "@react-hook/passive-layout-effect": "^1.2.0"
      }
    },
    "@swc/helpers": {
      "version": "0.4.14",
      "resolved": "https://registry.npmjs.org/@swc/helpers/-/helpers-0.4.14.tgz",
      "integrity": "sha512-4C7nX/dvpzB7za4Ql9K81xK3HPxCpHMgwTZVyf+9JQ6VUbn9jjZVN7/Nkdz/Ugzs2CSjqnL/UPXroiVBVHUWUw==",
      "requires": {
        "tslib": "^2.4.0"
      }
    },
    "@use-gesture/core": {
      "version": "10.2.24",
      "resolved": "https://registry.npmjs.org/@use-gesture/core/-/core-10.2.24.tgz",
      "integrity": "sha512-ZL7F9mgOn3Qlnp6QLI9jaOfcvqrx6JPE/BkdVSd8imveaFTm/a3udoO6f5Us/1XtqnL4347PsIiK6AtCvMHk2Q=="
    },
    "@use-gesture/react": {
      "version": "10.2.24",
      "resolved": "https://registry.npmjs.org/@use-gesture/react/-/react-10.2.24.tgz",
      "integrity": "sha512-rAZ8Nnpu1g4eFzqCPlaq+TppJpMy0dTpYOQx5KpfoBF4P3aWnCqwj7eKxcmdIb1NJKpIJj50DPugUH4mq5cpBg==",
      "requires": {
        "@use-gesture/core": "10.2.24"
      }
    },
    "computer-modern": {
      "version": "0.1.2",
      "resolved": "https://registry.npmjs.org/computer-modern/-/computer-modern-0.1.2.tgz",
      "integrity": "sha512-qvW7/uUkNFjJT6DaM4NaLXrYSnkFdES8iJajX3xD2S7KRFYxxppFsEUM0+R7SLypEN/t/3TQ4zFBvj5i/MBL9A=="
    },
    "mafs": {
      "version": "0.15.2",
      "resolved": "https://registry.npmjs.org/mafs/-/mafs-0.15.2.tgz",
      "integrity": "sha512-NPLfponLPlfez2uk7O38lRQLSRmtvctF2WpsGs1UU4VxoZY5frRHW06qk5L1nx/5Q2H9T62X4G0qNE7FBEVSBg==",
      "requires": {
        "@react-hook/resize-observer": "^1.2.6",
        "@swc/helpers": "^0.4.14",
        "@use-gesture/react": "^10.2.23",
        "computer-modern": "^0.1.2",
        "tiny-invariant": "^1.3.1",
        "use-resize-observer": "^9.0.0"
      }
    },
    "tiny-invariant": {
      "version": "1.3.1",
      "resolved": "https://registry.npmjs.org/tiny-invariant/-/tiny-invariant-1.3.1.tgz",
      "integrity": "sha512-AD5ih2NlSssTCwsMznbvwMZpJ1cbhkGd2uueNxzv2jDlEeZdU04JQfRnggJQ8DrcVBGjAsCKwFBbDlVNtEMlzw=="
    },
    "tslib": {
      "version": "2.5.0",
      "resolved": "https://registry.npmjs.org/tslib/-/tslib-2.5.0.tgz",
      "integrity": "sha512-336iVw3rtn2BUK7ORdIAHTyxHGRIHVReokCR3XjbckJMK7ms8FysBfhLR8IXnAgy7T0PTPNBWKiH514FOW/WSg=="
    },
    "use-resize-observer": {
      "version": "9.1.0",
      "resolved": "https://registry.npmjs.org/use-resize-observer/-/use-resize-observer-9.1.0.tgz",
      "integrity": "sha512-R25VqO9Wb3asSD4eqtcxk8sJalvIOYBqS8MNZlpDSQ4l4xMQxC/J7Id9HoTqPq8FwULIn0PVW+OAqF2dyYbjow==",
      "requires": {
        "@juggle/resize-observer": "^3.3.1"
      }
    }
  }
}
